
Microsoft Visual Studio Solution File, Format Version 12.00
# Visual Studio Version 16
VisualStudioVersion = 16.0.30907.101
MinimumVisualStudioVersion = 10.0.40219.1
Project("{FAE04EC0-301F-11D3-BF4B-00C04F79EFBC}") = "SortBubble", "SortBubble\SortBubble.csproj", "{BDBE07FC-332B-4D1E-99E7-A86E750D82EA}"
EndProject
Project("{FAE04EC0-301F-11D3-BF4B-00C04F79EFBC}") = "Algorithm", "Algorithm\Algorithm.csproj", "{6446B28C-553C-4D81-BB81-3A5FD123C192}"
EndProject
Project("{FAE04EC0-301F-11D3-BF4B-00C04F79EFBC}") = "AlgorithmTests", "AlgorithmTests\AlgorithmTests.csproj", "{C2900ACD-746C-4DFC-B153-0BEE0E554304}"
EndProject
Global
	GlobalSection(SolutionConfigurationPlatforms) = preSolution
		Debug|Any CPU = Debug|Any CPU
		Release|Any CPU = Release|Any CPU
	EndGlobalSection
	GlobalSection(ProjectConfigurationPlatforms) = postSolution
		{BDBE07FC-332B-4D1E-99E7-A86E750D82EA}.Debug|Any CPU.ActiveCfg = Debug|Any CPU
		{BDBE07FC-332B-4D1E-99E7-A86E750D82EA}.Debug|Any CPU.Build.0 = Debug|Any CPU
		{BDBE07FC-332B-4D1E-99E7-A86E750D82EA}.Release|Any CPU.ActiveCfg = Release|Any CPU
		{BDBE07FC-332B-4D1E-99E7-A86E750D82EA}.Release|Any CPU.Build.0 = Release|Any CPU
		{6446B28C-553C-4D81-BB81-3A5FD123C192}.Debug|Any CPU.ActiveCfg = Debug|Any CPU
		{6446B28C-553C-4D81-BB81-3A5FD123C192}.Debug|Any CPU.Build.0 = Debug|Any CPU
		{6446B28C-553C-4D81-BB81-3A5FD123C192}.Release|Any CPU.ActiveCfg = Release|Any CPU
		{6446B28C-553C-4D81-BB81-3A5FD123C192}.Release|Any CPU.Build.0 = Release|Any CPU
		{C2900ACD-746C-4DFC-B153-0BEE0E554304}.Debug|Any CPU.ActiveCfg = Debug|Any CPU
		{C2900ACD-746C-4DFC-B153-0BEE0E554304}.Debug|Any CPU.Build.0 = Debug|Any CPU
		{C2900ACD-746C-4DFC-B153-0BEE0E554304}.Release|Any CPU.ActiveCfg = Release|Any CPU
		{C2900ACD-746C-4DFC-B153-0BEE0E554304}.Release|Any CPU.Build.0 = Release|Any CPU
	EndGlobalSection
	GlobalSection(SolutionProperties) = preSolution
		HideSolutionNode = FALSE
	EndGlobalSection
	GlobalSection(ExtensibilityGlobals) = postSolution
		SolutionGuid = {48B6EB7B-99F2-4BA3-B5E6-FB51CF0D8100}
	EndGlobalSection
EndGlobal
